// !$*UTF8*$!
{
	archiveVersion = 1;
	classes = {
	};
	objectVersion = 50;
	objects = {

/* Begin PBXBuildFile section */
		050587FE65B34031D9741429 /* Pods_Teste_iOSTargets_Teste_iOS_Teste_iOSTests.framework in Frameworks */ = {isa = PBXBuildFile; fileRef = A6E7479B4A3DC7D1AB0AE0D8 /* Pods_Teste_iOSTargets_Teste_iOS_Teste_iOSTests.framework */; };
		58374C92261C0094007C39D3 /* ParameterEncoder.swift in Sources */ = {isa = PBXBuildFile; fileRef = 58374C82261C0094007C39D3 /* ParameterEncoder.swift */; };
		58374C93261C0094007C39D3 /* URLParameterEncoder.swift in Sources */ = {isa = PBXBuildFile; fileRef = 58374C83261C0094007C39D3 /* URLParameterEncoder.swift */; };
		58374C94261C0094007C39D3 /* JSONParameterEncoder.swift in Sources */ = {isa = PBXBuildFile; fileRef = 58374C84261C0094007C39D3 /* JSONParameterEncoder.swift */; };
		58374C97261C0094007C39D3 /* EndPoint.swift in Sources */ = {isa = PBXBuildFile; fileRef = 58374C89261C0094007C39D3 /* EndPoint.swift */; };
		58374C98261C0094007C39D3 /* HTTPTask.swift in Sources */ = {isa = PBXBuildFile; fileRef = 58374C8B261C0094007C39D3 /* HTTPTask.swift */; };
		58374C99261C0094007C39D3 /* ServiceLayer.swift in Sources */ = {isa = PBXBuildFile; fileRef = 58374C8C261C0094007C39D3 /* ServiceLayer.swift */; };
		58374C9A261C0094007C39D3 /* NetworkResponse.swift in Sources */ = {isa = PBXBuildFile; fileRef = 58374C8D261C0094007C39D3 /* NetworkResponse.swift */; };
		58374C9B261C0094007C39D3 /* HTTPMethod.swift in Sources */ = {isa = PBXBuildFile; fileRef = 58374C8E261C0094007C39D3 /* HTTPMethod.swift */; };
		58374C9C261C0094007C39D3 /* EndPointType.swift in Sources */ = {isa = PBXBuildFile; fileRef = 58374C8F261C0094007C39D3 /* EndPointType.swift */; };
		58374C9D261C0094007C39D3 /* Router.swift in Sources */ = {isa = PBXBuildFile; fileRef = 58374C91261C0094007C39D3 /* Router.swift */; };
		58374CA2261C012C007C39D3 /* HTTPURLResponse+Extensions.swift in Sources */ = {isa = PBXBuildFile; fileRef = 58374CA1261C012C007C39D3 /* HTTPURLResponse+Extensions.swift */; };
		58374CA5261C01EA007C39D3 /* Encodable.swift in Sources */ = {isa = PBXBuildFile; fileRef = 58374CA4261C01EA007C39D3 /* Encodable.swift */; };
		58374CA8261C0641007C39D3 /* SimulationDataModel.swift in Sources */ = {isa = PBXBuildFile; fileRef = 58374CA7261C0641007C39D3 /* SimulationDataModel.swift */; };
		58374CAB261C0920007C39D3 /* SimulationRepository.swift in Sources */ = {isa = PBXBuildFile; fileRef = 58374CAA261C0920007C39D3 /* SimulationRepository.swift */; };
		58B8EA0F261A56E400BC8B95 /* Localizable.strings in Resources */ = {isa = PBXBuildFile; fileRef = 58B8EA11261A56E400BC8B95 /* Localizable.strings */; };
		58B8EA15261A590400BC8B95 /* String+Extensions.swift in Sources */ = {isa = PBXBuildFile; fileRef = 58B8EA14261A590300BC8B95 /* String+Extensions.swift */; };
		58B8EA20261A660B00BC8B95 /* SimulationView.swift in Sources */ = {isa = PBXBuildFile; fileRef = 58B8EA1F261A660B00BC8B95 /* SimulationView.swift */; };
		58B8EA24261A8E4500BC8B95 /* UIView+Extensions.swift in Sources */ = {isa = PBXBuildFile; fileRef = 58B8EA23261A8E4500BC8B95 /* UIView+Extensions.swift */; };
		58B8EA2A261A94D800BC8B95 /* Date+Extensions.swift in Sources */ = {isa = PBXBuildFile; fileRef = 58B8EA29261A94D800BC8B95 /* Date+Extensions.swift */; };
		A119EA1425DEB849007BF7B0 /* SimulationViewController.swift in Sources */ = {isa = PBXBuildFile; fileRef = A119EA0425DEB849007BF7B0 /* SimulationViewController.swift */; };
		A119EA1525DEB849007BF7B0 /* AppDelegate.swift in Sources */ = {isa = PBXBuildFile; fileRef = A119EA0625DEB849007BF7B0 /* AppDelegate.swift */; };
		A119EA1625DEB849007BF7B0 /* Assets.xcassets in Resources */ = {isa = PBXBuildFile; fileRef = A119EA0825DEB849007BF7B0 /* Assets.xcassets */; };
		A119EA1725DEB849007BF7B0 /* LaunchScreen.storyboard in Resources */ = {isa = PBXBuildFile; fileRef = A119EA0925DEB849007BF7B0 /* LaunchScreen.storyboard */; };
		A119EA1825DEB849007BF7B0 /* Main.storyboard in Resources */ = {isa = PBXBuildFile; fileRef = A119EA0B25DEB849007BF7B0 /* Main.storyboard */; };
		A119EA3625DEBA43007BF7B0 /* TesteiOSTests.swift in Sources */ = {isa = PBXBuildFile; fileRef = A119EA3525DEBA43007BF7B0 /* TesteiOSTests.swift */; };
		A119EAB825DEC28E007BF7B0 /* UIComponents.framework in Frameworks */ = {isa = PBXBuildFile; fileRef = A119EAB725DEC28E007BF7B0 /* UIComponents.framework */; };
		A119EAB925DEC28E007BF7B0 /* UIComponents.framework in Embed Frameworks */ = {isa = PBXBuildFile; fileRef = A119EAB725DEC28E007BF7B0 /* UIComponents.framework */; settings = {ATTRIBUTES = (CodeSignOnCopy, RemoveHeadersOnCopy, ); }; };
		CB6E0E48C3DC6988866A4A5C /* Pods_Teste_iOSTargets_Teste_iOS.framework in Frameworks */ = {isa = PBXBuildFile; fileRef = 16BC926DF3C4A025857CC16F /* Pods_Teste_iOSTargets_Teste_iOS.framework */; };
/* End PBXBuildFile section */

/* Begin PBXContainerItemProxy section */
		A119EA3825DEBA43007BF7B0 /* PBXContainerItemProxy */ = {
			isa = PBXContainerItemProxy;
			containerPortal = A119E99B25DEB4FC007BF7B0 /* Project object */;
			proxyType = 1;
			remoteGlobalIDString = A119E9A225DEB4FC007BF7B0;
			remoteInfo = "Teste-iOS";
		};
/* End PBXContainerItemProxy section */

/* Begin PBXCopyFilesBuildPhase section */
		A119EABA25DEC28F007BF7B0 /* Embed Frameworks */ = {
			isa = PBXCopyFilesBuildPhase;
			buildActionMask = 2147483647;
			dstPath = "";
			dstSubfolderSpec = 10;
			files = (
				A119EAB925DEC28E007BF7B0 /* UIComponents.framework in Embed Frameworks */,
			);
			name = "Embed Frameworks";
			runOnlyForDeploymentPostprocessing = 0;
		};
/* End PBXCopyFilesBuildPhase section */

/* Begin PBXFileReference section */
		021E9CB75C290E439BB6AED1 /* Pods-Teste-iOSTargets-Teste-iOS-Teste-iOSTests.debug.xcconfig */ = {isa = PBXFileReference; includeInIndex = 1; lastKnownFileType = text.xcconfig; name = "Pods-Teste-iOSTargets-Teste-iOS-Teste-iOSTests.debug.xcconfig"; path = "Target Support Files/Pods-Teste-iOSTargets-Teste-iOS-Teste-iOSTests/Pods-Teste-iOSTargets-Teste-iOS-Teste-iOSTests.debug.xcconfig"; sourceTree = "<group>"; };
		16BC926DF3C4A025857CC16F /* Pods_Teste_iOSTargets_Teste_iOS.framework */ = {isa = PBXFileReference; explicitFileType = wrapper.framework; includeInIndex = 0; path = Pods_Teste_iOSTargets_Teste_iOS.framework; sourceTree = BUILT_PRODUCTS_DIR; };
		58374C82261C0094007C39D3 /* ParameterEncoder.swift */ = {isa = PBXFileReference; fileEncoding = 4; lastKnownFileType = sourcecode.swift; path = ParameterEncoder.swift; sourceTree = "<group>"; };
		58374C83261C0094007C39D3 /* URLParameterEncoder.swift */ = {isa = PBXFileReference; fileEncoding = 4; lastKnownFileType = sourcecode.swift; path = URLParameterEncoder.swift; sourceTree = "<group>"; };
		58374C84261C0094007C39D3 /* JSONParameterEncoder.swift */ = {isa = PBXFileReference; fileEncoding = 4; lastKnownFileType = sourcecode.swift; path = JSONParameterEncoder.swift; sourceTree = "<group>"; };
		58374C89261C0094007C39D3 /* EndPoint.swift */ = {isa = PBXFileReference; fileEncoding = 4; lastKnownFileType = sourcecode.swift; path = EndPoint.swift; sourceTree = "<group>"; };
		58374C8B261C0094007C39D3 /* HTTPTask.swift */ = {isa = PBXFileReference; fileEncoding = 4; lastKnownFileType = sourcecode.swift; path = HTTPTask.swift; sourceTree = "<group>"; };
		58374C8C261C0094007C39D3 /* ServiceLayer.swift */ = {isa = PBXFileReference; fileEncoding = 4; lastKnownFileType = sourcecode.swift; path = ServiceLayer.swift; sourceTree = "<group>"; };
		58374C8D261C0094007C39D3 /* NetworkResponse.swift */ = {isa = PBXFileReference; fileEncoding = 4; lastKnownFileType = sourcecode.swift; path = NetworkResponse.swift; sourceTree = "<group>"; };
		58374C8E261C0094007C39D3 /* HTTPMethod.swift */ = {isa = PBXFileReference; fileEncoding = 4; lastKnownFileType = sourcecode.swift; path = HTTPMethod.swift; sourceTree = "<group>"; };
		58374C8F261C0094007C39D3 /* EndPointType.swift */ = {isa = PBXFileReference; fileEncoding = 4; lastKnownFileType = sourcecode.swift; path = EndPointType.swift; sourceTree = "<group>"; };
		58374C91261C0094007C39D3 /* Router.swift */ = {isa = PBXFileReference; fileEncoding = 4; lastKnownFileType = sourcecode.swift; path = Router.swift; sourceTree = "<group>"; };
		58374CA1261C012C007C39D3 /* HTTPURLResponse+Extensions.swift */ = {isa = PBXFileReference; fileEncoding = 4; lastKnownFileType = sourcecode.swift; path = "HTTPURLResponse+Extensions.swift"; sourceTree = "<group>"; };
		58374CA4261C01EA007C39D3 /* Encodable.swift */ = {isa = PBXFileReference; fileEncoding = 4; lastKnownFileType = sourcecode.swift; path = Encodable.swift; sourceTree = "<group>"; };
		58374CA7261C0641007C39D3 /* SimulationDataModel.swift */ = {isa = PBXFileReference; lastKnownFileType = sourcecode.swift; path = SimulationDataModel.swift; sourceTree = "<group>"; };
		58374CAA261C0920007C39D3 /* SimulationRepository.swift */ = {isa = PBXFileReference; lastKnownFileType = sourcecode.swift; path = SimulationRepository.swift; sourceTree = "<group>"; };
		58B8EA10261A56E400BC8B95 /* en */ = {isa = PBXFileReference; lastKnownFileType = text.plist.strings; name = en; path = en.lproj/Localizable.strings; sourceTree = "<group>"; };
		58B8EA14261A590300BC8B95 /* String+Extensions.swift */ = {isa = PBXFileReference; lastKnownFileType = sourcecode.swift; path = "String+Extensions.swift"; sourceTree = "<group>"; };
		58B8EA1F261A660B00BC8B95 /* SimulationView.swift */ = {isa = PBXFileReference; lastKnownFileType = sourcecode.swift; path = SimulationView.swift; sourceTree = "<group>"; };
		58B8EA23261A8E4500BC8B95 /* UIView+Extensions.swift */ = {isa = PBXFileReference; lastKnownFileType = sourcecode.swift; path = "UIView+Extensions.swift"; sourceTree = "<group>"; };
		58B8EA29261A94D800BC8B95 /* Date+Extensions.swift */ = {isa = PBXFileReference; lastKnownFileType = sourcecode.swift; path = "Date+Extensions.swift"; sourceTree = "<group>"; };
		A119E9A325DEB4FC007BF7B0 /* Teste-iOS.app */ = {isa = PBXFileReference; explicitFileType = wrapper.application; includeInIndex = 0; path = "Teste-iOS.app"; sourceTree = BUILT_PRODUCTS_DIR; };
		A119EA0425DEB849007BF7B0 /* SimulationViewController.swift */ = {isa = PBXFileReference; fileEncoding = 4; lastKnownFileType = sourcecode.swift; path = SimulationViewController.swift; sourceTree = "<group>"; };
		A119EA0625DEB849007BF7B0 /* AppDelegate.swift */ = {isa = PBXFileReference; fileEncoding = 4; lastKnownFileType = sourcecode.swift; path = AppDelegate.swift; sourceTree = "<group>"; };
		A119EA0825DEB849007BF7B0 /* Assets.xcassets */ = {isa = PBXFileReference; lastKnownFileType = folder.assetcatalog; path = Assets.xcassets; sourceTree = "<group>"; };
		A119EA0A25DEB849007BF7B0 /* Base */ = {isa = PBXFileReference; lastKnownFileType = file.storyboard; name = Base; path = Base.lproj/LaunchScreen.storyboard; sourceTree = "<group>"; };
		A119EA0C25DEB849007BF7B0 /* Base */ = {isa = PBXFileReference; lastKnownFileType = file.storyboard; name = Base; path = Base.lproj/Main.storyboard; sourceTree = "<group>"; };
		A119EA0D25DEB849007BF7B0 /* Info.plist */ = {isa = PBXFileReference; fileEncoding = 4; lastKnownFileType = text.plist.xml; path = Info.plist; sourceTree = "<group>"; };
		A119EA3325DEBA43007BF7B0 /* Teste-iOSTests.xctest */ = {isa = PBXFileReference; explicitFileType = wrapper.cfbundle; includeInIndex = 0; path = "Teste-iOSTests.xctest"; sourceTree = BUILT_PRODUCTS_DIR; };
		A119EA3525DEBA43007BF7B0 /* TesteiOSTests.swift */ = {isa = PBXFileReference; lastKnownFileType = sourcecode.swift; path = TesteiOSTests.swift; sourceTree = "<group>"; };
		A119EA3725DEBA43007BF7B0 /* Info.plist */ = {isa = PBXFileReference; lastKnownFileType = text.plist.xml; path = Info.plist; sourceTree = "<group>"; };
		A119EAB725DEC28E007BF7B0 /* UIComponents.framework */ = {isa = PBXFileReference; explicitFileType = wrapper.framework; path = UIComponents.framework; sourceTree = BUILT_PRODUCTS_DIR; };
		A2FCC98CCFA3EB1ADECD6430 /* Pods-Teste-iOSTargets-Teste-iOS.debug.xcconfig */ = {isa = PBXFileReference; includeInIndex = 1; lastKnownFileType = text.xcconfig; name = "Pods-Teste-iOSTargets-Teste-iOS.debug.xcconfig"; path = "Target Support Files/Pods-Teste-iOSTargets-Teste-iOS/Pods-Teste-iOSTargets-Teste-iOS.debug.xcconfig"; sourceTree = "<group>"; };
		A6E7479B4A3DC7D1AB0AE0D8 /* Pods_Teste_iOSTargets_Teste_iOS_Teste_iOSTests.framework */ = {isa = PBXFileReference; explicitFileType = wrapper.framework; includeInIndex = 0; path = Pods_Teste_iOSTargets_Teste_iOS_Teste_iOSTests.framework; sourceTree = BUILT_PRODUCTS_DIR; };
		DF3FBF46F55FEE7ECCD58923 /* Pods-Teste-iOSTargets-Teste-iOS-Teste-iOSTests.release.xcconfig */ = {isa = PBXFileReference; includeInIndex = 1; lastKnownFileType = text.xcconfig; name = "Pods-Teste-iOSTargets-Teste-iOS-Teste-iOSTests.release.xcconfig"; path = "Target Support Files/Pods-Teste-iOSTargets-Teste-iOS-Teste-iOSTests/Pods-Teste-iOSTargets-Teste-iOS-Teste-iOSTests.release.xcconfig"; sourceTree = "<group>"; };
		DFDDC9A72E944595A2DEDBCC /* Pods-Teste-iOSTargets-Teste-iOS.release.xcconfig */ = {isa = PBXFileReference; includeInIndex = 1; lastKnownFileType = text.xcconfig; name = "Pods-Teste-iOSTargets-Teste-iOS.release.xcconfig"; path = "Target Support Files/Pods-Teste-iOSTargets-Teste-iOS/Pods-Teste-iOSTargets-Teste-iOS.release.xcconfig"; sourceTree = "<group>"; };
/* End PBXFileReference section */

/* Begin PBXFrameworksBuildPhase section */
		A119E9A025DEB4FC007BF7B0 /* Frameworks */ = {
			isa = PBXFrameworksBuildPhase;
			buildActionMask = 2147483647;
			files = (
				A119EAB825DEC28E007BF7B0 /* UIComponents.framework in Frameworks */,
				CB6E0E48C3DC6988866A4A5C /* Pods_Teste_iOSTargets_Teste_iOS.framework in Frameworks */,
			);
			runOnlyForDeploymentPostprocessing = 0;
		};
		A119EA3025DEBA43007BF7B0 /* Frameworks */ = {
			isa = PBXFrameworksBuildPhase;
			buildActionMask = 2147483647;
			files = (
				050587FE65B34031D9741429 /* Pods_Teste_iOSTargets_Teste_iOS_Teste_iOSTests.framework in Frameworks */,
			);
			runOnlyForDeploymentPostprocessing = 0;
		};
/* End PBXFrameworksBuildPhase section */

/* Begin PBXGroup section */
		4D114D2AE09073DD77B9BFFB /* Pods */ = {
			isa = PBXGroup;
			children = (
				A2FCC98CCFA3EB1ADECD6430 /* Pods-Teste-iOSTargets-Teste-iOS.debug.xcconfig */,
				DFDDC9A72E944595A2DEDBCC /* Pods-Teste-iOSTargets-Teste-iOS.release.xcconfig */,
				021E9CB75C290E439BB6AED1 /* Pods-Teste-iOSTargets-Teste-iOS-Teste-iOSTests.debug.xcconfig */,
				DF3FBF46F55FEE7ECCD58923 /* Pods-Teste-iOSTargets-Teste-iOS-Teste-iOSTests.release.xcconfig */,
			);
			name = Pods;
			path = ../Pods;
			sourceTree = "<group>";
		};
		58374C80261C0094007C39D3 /* Networking */ = {
			isa = PBXGroup;
			children = (
				58374C81261C0094007C39D3 /* Encoding */,
				58374C85261C0094007C39D3 /* Models */,
				58374C88261C0094007C39D3 /* EndPoint */,
				58374C8A261C0094007C39D3 /* Service */,
				58374C90261C0094007C39D3 /* Routes */,
			);
			path = Networking;
			sourceTree = "<group>";
		};
		58374C81261C0094007C39D3 /* Encoding */ = {
			isa = PBXGroup;
			children = (
				58374C82261C0094007C39D3 /* ParameterEncoder.swift */,
				58374C83261C0094007C39D3 /* URLParameterEncoder.swift */,
				58374C84261C0094007C39D3 /* JSONParameterEncoder.swift */,
			);
			path = Encoding;
			sourceTree = "<group>";
		};
		58374C85261C0094007C39D3 /* Models */ = {
			isa = PBXGroup;
			children = (
				58374CA7261C0641007C39D3 /* SimulationDataModel.swift */,
			);
			path = Models;
			sourceTree = "<group>";
		};
		58374C88261C0094007C39D3 /* EndPoint */ = {
			isa = PBXGroup;
			children = (
				58374C89261C0094007C39D3 /* EndPoint.swift */,
			);
			path = EndPoint;
			sourceTree = "<group>";
		};
		58374C8A261C0094007C39D3 /* Service */ = {
			isa = PBXGroup;
			children = (
				58374C8B261C0094007C39D3 /* HTTPTask.swift */,
				58374C8C261C0094007C39D3 /* ServiceLayer.swift */,
				58374C8D261C0094007C39D3 /* NetworkResponse.swift */,
				58374C8E261C0094007C39D3 /* HTTPMethod.swift */,
				58374C8F261C0094007C39D3 /* EndPointType.swift */,
			);
			path = Service;
			sourceTree = "<group>";
		};
		58374C90261C0094007C39D3 /* Routes */ = {
			isa = PBXGroup;
			children = (
				58374C91261C0094007C39D3 /* Router.swift */,
			);
			path = Routes;
			sourceTree = "<group>";
		};
		58374CA0261C0116007C39D3 /* Extensions */ = {
			isa = PBXGroup;
			children = (
				58B8EA14261A590300BC8B95 /* String+Extensions.swift */,
				58374CA1261C012C007C39D3 /* HTTPURLResponse+Extensions.swift */,
				58B8EA23261A8E4500BC8B95 /* UIView+Extensions.swift */,
				58B8EA29261A94D800BC8B95 /* Date+Extensions.swift */,
				58374CA4261C01EA007C39D3 /* Encodable.swift */,
			);
			path = Extensions;
			sourceTree = "<group>";
		};
		58B8EA13261A58ED00BC8B95 /* Utility */ = {
			isa = PBXGroup;
			children = (
				58374CA0261C0116007C39D3 /* Extensions */,
			);
			path = Utility;
			sourceTree = "<group>";
		};
		58B8EA26261A8E5A00BC8B95 /* Simulation */ = {
			isa = PBXGroup;
			children = (
				A119EA0425DEB849007BF7B0 /* SimulationViewController.swift */,
				58B8EA1F261A660B00BC8B95 /* SimulationView.swift */,
				58374CAA261C0920007C39D3 /* SimulationRepository.swift */,
			);
			path = Simulation;
			sourceTree = "<group>";
		};
		A119E99A25DEB4FC007BF7B0 = {
			isa = PBXGroup;
			children = (
				A119EA0325DEB849007BF7B0 /* Teste-iOS */,
				A119EA3425DEBA43007BF7B0 /* Teste-iOSTests */,
				A119E9A425DEB4FC007BF7B0 /* Products */,
				4D114D2AE09073DD77B9BFFB /* Pods */,
				F2278B9DCB9EA9FE23BCB202 /* Frameworks */,
			);
			sourceTree = "<group>";
		};
		A119E9A425DEB4FC007BF7B0 /* Products */ = {
			isa = PBXGroup;
			children = (
				A119E9A325DEB4FC007BF7B0 /* Teste-iOS.app */,
				A119EA3325DEBA43007BF7B0 /* Teste-iOSTests.xctest */,
			);
			name = Products;
			sourceTree = "<group>";
		};
		A119EA0325DEB849007BF7B0 /* Teste-iOS */ = {
			isa = PBXGroup;
			children = (
				A119EA0525DEB849007BF7B0 /* App */,
				A119EAC225DEC51B007BF7B0 /* Demo */,
				A119EA0725DEB849007BF7B0 /* Resources */,
				58374C80261C0094007C39D3 /* Networking */,
			);
			name = "Teste-iOS";
			sourceTree = "<group>";
		};
		A119EA0525DEB849007BF7B0 /* App */ = {
			isa = PBXGroup;
			children = (
				A119EA0625DEB849007BF7B0 /* AppDelegate.swift */,
			);
			path = App;
			sourceTree = "<group>";
		};
		A119EA0725DEB849007BF7B0 /* Resources */ = {
			isa = PBXGroup;
			children = (
				58B8EA13261A58ED00BC8B95 /* Utility */,
				A119EA0825DEB849007BF7B0 /* Assets.xcassets */,
				A119EA0925DEB849007BF7B0 /* LaunchScreen.storyboard */,
				A119EA0D25DEB849007BF7B0 /* Info.plist */,
				58B8EA11261A56E400BC8B95 /* Localizable.strings */,
			);
			path = Resources;
			sourceTree = "<group>";
		};
		A119EA3425DEBA43007BF7B0 /* Teste-iOSTests */ = {
			isa = PBXGroup;
			children = (
				A119EA3525DEBA43007BF7B0 /* TesteiOSTests.swift */,
				A119EA4125DEBA69007BF7B0 /* Resources */,
			);
			path = "Teste-iOSTests";
			sourceTree = "<group>";
		};
		A119EA4125DEBA69007BF7B0 /* Resources */ = {
			isa = PBXGroup;
			children = (
				A119EA3725DEBA43007BF7B0 /* Info.plist */,
			);
			path = Resources;
			sourceTree = "<group>";
		};
		A119EAC225DEC51B007BF7B0 /* Demo */ = {
			isa = PBXGroup;
			children = (
				58B8EA26261A8E5A00BC8B95 /* Simulation */,
				A119EA0B25DEB849007BF7B0 /* Main.storyboard */,
			);
			path = Demo;
			sourceTree = "<group>";
		};
		F2278B9DCB9EA9FE23BCB202 /* Frameworks */ = {
			isa = PBXGroup;
			children = (
				A119EAB725DEC28E007BF7B0 /* UIComponents.framework */,
				16BC926DF3C4A025857CC16F /* Pods_Teste_iOSTargets_Teste_iOS.framework */,
				A6E7479B4A3DC7D1AB0AE0D8 /* Pods_Teste_iOSTargets_Teste_iOS_Teste_iOSTests.framework */,
			);
			name = Frameworks;
			sourceTree = "<group>";
		};
/* End PBXGroup section */

/* Begin PBXNativeTarget section */
		A119E9A225DEB4FC007BF7B0 /* Teste-iOS */ = {
			isa = PBXNativeTarget;
			buildConfigurationList = A119E9CD25DEB4FF007BF7B0 /* Build configuration list for PBXNativeTarget "Teste-iOS" */;
			buildPhases = (
				A843A56D44620700D51E2F29 /* [CP] Check Pods Manifest.lock */,
				A119E99F25DEB4FC007BF7B0 /* Sources */,
				A119E9A025DEB4FC007BF7B0 /* Frameworks */,
				A119E9A125DEB4FC007BF7B0 /* Resources */,
				A119EA2D25DEB963007BF7B0 /* ShellScript */,
				A119EABA25DEC28F007BF7B0 /* Embed Frameworks */,
			);
			buildRules = (
			);
			dependencies = (
			);
			name = "Teste-iOS";
			productName = "teste-ios";
			productReference = A119E9A325DEB4FC007BF7B0 /* Teste-iOS.app */;
			productType = "com.apple.product-type.application";
		};
		A119EA3225DEBA43007BF7B0 /* Teste-iOSTests */ = {
			isa = PBXNativeTarget;
			buildConfigurationList = A119EA3A25DEBA43007BF7B0 /* Build configuration list for PBXNativeTarget "Teste-iOSTests" */;
			buildPhases = (
				602631919F723B1ABA0A02D7 /* [CP] Check Pods Manifest.lock */,
				A119EA2F25DEBA43007BF7B0 /* Sources */,
				A119EA3025DEBA43007BF7B0 /* Frameworks */,
				A119EA3125DEBA43007BF7B0 /* Resources */,
			);
			buildRules = (
			);
			dependencies = (
				A119EA3925DEBA43007BF7B0 /* PBXTargetDependency */,
			);
			name = "Teste-iOSTests";
			productName = "Teste-iOSTests";
			productReference = A119EA3325DEBA43007BF7B0 /* Teste-iOSTests.xctest */;
			productType = "com.apple.product-type.bundle.unit-test";
		};
/* End PBXNativeTarget section */

/* Begin PBXProject section */
		A119E99B25DEB4FC007BF7B0 /* Project object */ = {
			isa = PBXProject;
			attributes = {
				LastSwiftUpdateCheck = 1240;
				LastUpgradeCheck = 1240;
				TargetAttributes = {
					A119E9A225DEB4FC007BF7B0 = {
						CreatedOnToolsVersion = 12.4;
					};
					A119EA3225DEBA43007BF7B0 = {
						CreatedOnToolsVersion = 12.4;
						TestTargetID = A119E9A225DEB4FC007BF7B0;
					};
				};
			};
			buildConfigurationList = A119E99E25DEB4FC007BF7B0 /* Build configuration list for PBXProject "Teste-iOS" */;
			compatibilityVersion = "Xcode 9.3";
			developmentRegion = en;
			hasScannedForEncodings = 0;
			knownRegions = (
				en,
				Base,
			);
			mainGroup = A119E99A25DEB4FC007BF7B0;
			productRefGroup = A119E9A425DEB4FC007BF7B0 /* Products */;
			projectDirPath = "";
			projectRoot = "";
			targets = (
				A119E9A225DEB4FC007BF7B0 /* Teste-iOS */,
				A119EA3225DEBA43007BF7B0 /* Teste-iOSTests */,
			);
		};
/* End PBXProject section */

/* Begin PBXResourcesBuildPhase section */
		A119E9A125DEB4FC007BF7B0 /* Resources */ = {
			isa = PBXResourcesBuildPhase;
			buildActionMask = 2147483647;
			files = (
				A119EA1825DEB849007BF7B0 /* Main.storyboard in Resources */,
				58B8EA0F261A56E400BC8B95 /* Localizable.strings in Resources */,
				A119EA1625DEB849007BF7B0 /* Assets.xcassets in Resources */,
				A119EA1725DEB849007BF7B0 /* LaunchScreen.storyboard in Resources */,
			);
			runOnlyForDeploymentPostprocessing = 0;
		};
		A119EA3125DEBA43007BF7B0 /* Resources */ = {
			isa = PBXResourcesBuildPhase;
			buildActionMask = 2147483647;
			files = (
			);
			runOnlyForDeploymentPostprocessing = 0;
		};
/* End PBXResourcesBuildPhase section */

/* Begin PBXShellScriptBuildPhase section */
		602631919F723B1ABA0A02D7 /* [CP] Check Pods Manifest.lock */ = {
			isa = PBXShellScriptBuildPhase;
			buildActionMask = 2147483647;
			files = (
			);
			inputFileListPaths = (
			);
			inputPaths = (
				"${PODS_PODFILE_DIR_PATH}/Podfile.lock",
				"${PODS_ROOT}/Manifest.lock",
			);
			name = "[CP] Check Pods Manifest.lock";
			outputFileListPaths = (
			);
			outputPaths = (
				"$(DERIVED_FILE_DIR)/Pods-Teste-iOSTargets-Teste-iOS-Teste-iOSTests-checkManifestLockResult.txt",
			);
			runOnlyForDeploymentPostprocessing = 0;
			shellPath = /bin/sh;
			shellScript = "diff \"${PODS_PODFILE_DIR_PATH}/Podfile.lock\" \"${PODS_ROOT}/Manifest.lock\" > /dev/null\nif [ $? != 0 ] ; then\n    # print error to STDERR\n    echo \"error: The sandbox is not in sync with the Podfile.lock. Run 'pod install' or update your CocoaPods installation.\" >&2\n    exit 1\nfi\n# This output is used by Xcode 'outputs' to avoid re-running this script phase.\necho \"SUCCESS\" > \"${SCRIPT_OUTPUT_FILE_0}\"\n";
			showEnvVarsInLog = 0;
		};
		A119EA2D25DEB963007BF7B0 /* ShellScript */ = {
			isa = PBXShellScriptBuildPhase;
			buildActionMask = 2147483647;
			files = (
			);
			inputFileListPaths = (
			);
			inputPaths = (
			);
			outputFileListPaths = (
			);
			outputPaths = (
			);
			runOnlyForDeploymentPostprocessing = 0;
			shellPath = /bin/sh;
			shellScript = "\"${PODS_ROOT}/SwiftLint/swiftlint\"\n";
		};
		A843A56D44620700D51E2F29 /* [CP] Check Pods Manifest.lock */ = {
			isa = PBXShellScriptBuildPhase;
			buildActionMask = 2147483647;
			files = (
			);
			inputFileListPaths = (
			);
			inputPaths = (
				"${PODS_PODFILE_DIR_PATH}/Podfile.lock",
				"${PODS_ROOT}/Manifest.lock",
			);
			name = "[CP] Check Pods Manifest.lock";
			outputFileListPaths = (
			);
			outputPaths = (
				"$(DERIVED_FILE_DIR)/Pods-Teste-iOSTargets-Teste-iOS-checkManifestLockResult.txt",
			);
			runOnlyForDeploymentPostprocessing = 0;
			shellPath = /bin/sh;
			shellScript = "diff \"${PODS_PODFILE_DIR_PATH}/Podfile.lock\" \"${PODS_ROOT}/Manifest.lock\" > /dev/null\nif [ $? != 0 ] ; then\n    # print error to STDERR\n    echo \"error: The sandbox is not in sync with the Podfile.lock. Run 'pod install' or update your CocoaPods installation.\" >&2\n    exit 1\nfi\n# This output is used by Xcode 'outputs' to avoid re-running this script phase.\necho \"SUCCESS\" > \"${SCRIPT_OUTPUT_FILE_0}\"\n";
			showEnvVarsInLog = 0;
		};
/* End PBXShellScriptBuildPhase section */

/* Begin PBXSourcesBuildPhase section */
		A119E99F25DEB4FC007BF7B0 /* Sources */ = {
			isa = PBXSourcesBuildPhase;
			buildActionMask = 2147483647;
			files = (
				58374C93261C0094007C39D3 /* URLParameterEncoder.swift in Sources */,
				58374CA5261C01EA007C39D3 /* Encodable.swift in Sources */,
				58374CA8261C0641007C39D3 /* SimulationDataModel.swift in Sources */,
				58B8EA15261A590400BC8B95 /* String+Extensions.swift in Sources */,
				A119EA1525DEB849007BF7B0 /* AppDelegate.swift in Sources */,
				58B8EA24261A8E4500BC8B95 /* UIView+Extensions.swift in Sources */,
				58374C9D261C0094007C39D3 /* Router.swift in Sources */,
				58374C98261C0094007C39D3 /* HTTPTask.swift in Sources */,
				A119EA1425DEB849007BF7B0 /* SimulationViewController.swift in Sources */,
				58374C97261C0094007C39D3 /* EndPoint.swift in Sources */,
				58374C94261C0094007C39D3 /* JSONParameterEncoder.swift in Sources */,
				58B8EA20261A660B00BC8B95 /* SimulationView.swift in Sources */,
				58B8EA2A261A94D800BC8B95 /* Date+Extensions.swift in Sources */,
				58374C9A261C0094007C39D3 /* NetworkResponse.swift in Sources */,
				58374CAB261C0920007C39D3 /* SimulationRepository.swift in Sources */,
				58374C9B261C0094007C39D3 /* HTTPMethod.swift in Sources */,
				58374C9C261C0094007C39D3 /* EndPointType.swift in Sources */,
				58374C92261C0094007C39D3 /* ParameterEncoder.swift in Sources */,
				58374CA2261C012C007C39D3 /* HTTPURLResponse+Extensions.swift in Sources */,
				58374C99261C0094007C39D3 /* ServiceLayer.swift in Sources */,
			);
			runOnlyForDeploymentPostprocessing = 0;
		};
		A119EA2F25DEBA43007BF7B0 /* Sources */ = {
			isa = PBXSourcesBuildPhase;
			buildActionMask = 2147483647;
			files = (
				A119EA3625DEBA43007BF7B0 /* TesteiOSTests.swift in Sources */,
			);
			runOnlyForDeploymentPostprocessing = 0;
		};
/* End PBXSourcesBuildPhase section */

/* Begin PBXTargetDependency section */
		A119EA3925DEBA43007BF7B0 /* PBXTargetDependency */ = {
			isa = PBXTargetDependency;
			target = A119E9A225DEB4FC007BF7B0 /* Teste-iOS */;
			targetProxy = A119EA3825DEBA43007BF7B0 /* PBXContainerItemProxy */;
		};
/* End PBXTargetDependency section */

/* Begin PBXVariantGroup section */
		58B8EA11261A56E400BC8B95 /* Localizable.strings */ = {
			isa = PBXVariantGroup;
			children = (
				58B8EA10261A56E400BC8B95 /* en */,
			);
			name = Localizable.strings;
			sourceTree = "<group>";
		};
		A119EA0925DEB849007BF7B0 /* LaunchScreen.storyboard */ = {
			isa = PBXVariantGroup;
			children = (
				A119EA0A25DEB849007BF7B0 /* Base */,
			);
			name = LaunchScreen.storyboard;
			sourceTree = "<group>";
		};
		A119EA0B25DEB849007BF7B0 /* Main.storyboard */ = {
			isa = PBXVariantGroup;
			children = (
				A119EA0C25DEB849007BF7B0 /* Base */,
			);
			name = Main.storyboard;
			sourceTree = "<group>";
		};
/* End PBXVariantGroup section */

/* Begin XCBuildConfiguration section */
		A119E9CB25DEB4FF007BF7B0 /* Debug */ = {
			isa = XCBuildConfiguration;
			buildSettings = {
				ALWAYS_SEARCH_USER_PATHS = NO;
				CLANG_ANALYZER_NONNULL = YES;
				CLANG_ANALYZER_NUMBER_OBJECT_CONVERSION = YES_AGGRESSIVE;
				CLANG_CXX_LANGUAGE_STANDARD = "gnu++14";
				CLANG_CXX_LIBRARY = "libc++";
				CLANG_ENABLE_MODULES = YES;
				CLANG_ENABLE_OBJC_ARC = YES;
				CLANG_ENABLE_OBJC_WEAK = YES;
				CLANG_WARN_BLOCK_CAPTURE_AUTORELEASING = YES;
				CLANG_WARN_BOOL_CONVERSION = YES;
				CLANG_WARN_COMMA = YES;
				CLANG_WARN_CONSTANT_CONVERSION = YES;
				CLANG_WARN_DEPRECATED_OBJC_IMPLEMENTATIONS = YES;
				CLANG_WARN_DIRECT_OBJC_ISA_USAGE = YES_ERROR;
				CLANG_WARN_DOCUMENTATION_COMMENTS = YES;
				CLANG_WARN_EMPTY_BODY = YES;
				CLANG_WARN_ENUM_CONVERSION = YES;
				CLANG_WARN_INFINITE_RECURSION = YES;
				CLANG_WARN_INT_CONVERSION = YES;
				CLANG_WARN_NON_LITERAL_NULL_CONVERSION = YES;
				CLANG_WARN_OBJC_IMPLICIT_RETAIN_SELF = YES;
				CLANG_WARN_OBJC_LITERAL_CONVERSION = YES;
				CLANG_WARN_OBJC_ROOT_CLASS = YES_ERROR;
				CLANG_WARN_QUOTED_INCLUDE_IN_FRAMEWORK_HEADER = YES;
				CLANG_WARN_RANGE_LOOP_ANALYSIS = YES;
				CLANG_WARN_STRICT_PROTOTYPES = YES;
				CLANG_WARN_SUSPICIOUS_MOVE = YES;
				CLANG_WARN_UNGUARDED_AVAILABILITY = YES_AGGRESSIVE;
				CLANG_WARN_UNREACHABLE_CODE = YES;
				CLANG_WARN__DUPLICATE_METHOD_MATCH = YES;
				COPY_PHASE_STRIP = NO;
				DEBUG_INFORMATION_FORMAT = dwarf;
				ENABLE_STRICT_OBJC_MSGSEND = YES;
				ENABLE_TESTABILITY = YES;
				GCC_C_LANGUAGE_STANDARD = gnu11;
				GCC_DYNAMIC_NO_PIC = NO;
				GCC_NO_COMMON_BLOCKS = YES;
				GCC_OPTIMIZATION_LEVEL = 0;
				GCC_PREPROCESSOR_DEFINITIONS = (
					"DEBUG=1",
					"$(inherited)",
				);
				GCC_WARN_64_TO_32_BIT_CONVERSION = YES;
				GCC_WARN_ABOUT_RETURN_TYPE = YES_ERROR;
				GCC_WARN_UNDECLARED_SELECTOR = YES;
				GCC_WARN_UNINITIALIZED_AUTOS = YES_AGGRESSIVE;
				GCC_WARN_UNUSED_FUNCTION = YES;
				GCC_WARN_UNUSED_VARIABLE = YES;
				IPHONEOS_DEPLOYMENT_TARGET = 11.4;
				MTL_ENABLE_DEBUG_INFO = INCLUDE_SOURCE;
				MTL_FAST_MATH = YES;
				ONLY_ACTIVE_ARCH = YES;
				SDKROOT = iphoneos;
				SWIFT_ACTIVE_COMPILATION_CONDITIONS = DEBUG;
				SWIFT_OPTIMIZATION_LEVEL = "-Onone";
			};
			name = Debug;
		};
		A119E9CC25DEB4FF007BF7B0 /* Release */ = {
			isa = XCBuildConfiguration;
			buildSettings = {
				ALWAYS_SEARCH_USER_PATHS = NO;
				CLANG_ANALYZER_NONNULL = YES;
				CLANG_ANALYZER_NUMBER_OBJECT_CONVERSION = YES_AGGRESSIVE;
				CLANG_CXX_LANGUAGE_STANDARD = "gnu++14";
				CLANG_CXX_LIBRARY = "libc++";
				CLANG_ENABLE_MODULES = YES;
				CLANG_ENABLE_OBJC_ARC = YES;
				CLANG_ENABLE_OBJC_WEAK = YES;
				CLANG_WARN_BLOCK_CAPTURE_AUTORELEASING = YES;
				CLANG_WARN_BOOL_CONVERSION = YES;
				CLANG_WARN_COMMA = YES;
				CLANG_WARN_CONSTANT_CONVERSION = YES;
				CLANG_WARN_DEPRECATED_OBJC_IMPLEMENTATIONS = YES;
				CLANG_WARN_DIRECT_OBJC_ISA_USAGE = YES_ERROR;
				CLANG_WARN_DOCUMENTATION_COMMENTS = YES;
				CLANG_WARN_EMPTY_BODY = YES;
				CLANG_WARN_ENUM_CONVERSION = YES;
				CLANG_WARN_INFINITE_RECURSION = YES;
				CLANG_WARN_INT_CONVERSION = YES;
				CLANG_WARN_NON_LITERAL_NULL_CONVERSION = YES;
				CLANG_WARN_OBJC_IMPLICIT_RETAIN_SELF = YES;
				CLANG_WARN_OBJC_LITERAL_CONVERSION = YES;
				CLANG_WARN_OBJC_ROOT_CLASS = YES_ERROR;
				CLANG_WARN_QUOTED_INCLUDE_IN_FRAMEWORK_HEADER = YES;
				CLANG_WARN_RANGE_LOOP_ANALYSIS = YES;
				CLANG_WARN_STRICT_PROTOTYPES = YES;
				CLANG_WARN_SUSPICIOUS_MOVE = YES;
				CLANG_WARN_UNGUARDED_AVAILABILITY = YES_AGGRESSIVE;
				CLANG_WARN_UNREACHABLE_CODE = YES;
				CLANG_WARN__DUPLICATE_METHOD_MATCH = YES;
				COPY_PHASE_STRIP = NO;
				DEBUG_INFORMATION_FORMAT = "dwarf-with-dsym";
				ENABLE_NS_ASSERTIONS = NO;
				ENABLE_STRICT_OBJC_MSGSEND = YES;
				GCC_C_LANGUAGE_STANDARD = gnu11;
				GCC_NO_COMMON_BLOCKS = YES;
				GCC_WARN_64_TO_32_BIT_CONVERSION = YES;
				GCC_WARN_ABOUT_RETURN_TYPE = YES_ERROR;
				GCC_WARN_UNDECLARED_SELECTOR = YES;
				GCC_WARN_UNINITIALIZED_AUTOS = YES_AGGRESSIVE;
				GCC_WARN_UNUSED_FUNCTION = YES;
				GCC_WARN_UNUSED_VARIABLE = YES;
				IPHONEOS_DEPLOYMENT_TARGET = 11.4;
				MTL_ENABLE_DEBUG_INFO = NO;
				MTL_FAST_MATH = YES;
				SDKROOT = iphoneos;
				SWIFT_COMPILATION_MODE = wholemodule;
				SWIFT_OPTIMIZATION_LEVEL = "-O";
				VALIDATE_PRODUCT = YES;
			};
			name = Release;
		};
		A119E9CE25DEB4FF007BF7B0 /* Debug */ = {
			isa = XCBuildConfiguration;
			baseConfigurationReference = A2FCC98CCFA3EB1ADECD6430 /* Pods-Teste-iOSTargets-Teste-iOS.debug.xcconfig */;
			buildSettings = {
				ASSETCATALOG_COMPILER_APPICON_NAME = AppIcon;
				ASSETCATALOG_COMPILER_GLOBAL_ACCENT_COLOR_NAME = AccentColor;
				CODE_SIGN_STYLE = Automatic;
				INFOPLIST_FILE = Resources/Info.plist;
				IPHONEOS_DEPLOYMENT_TARGET = 11.4;
				LD_RUNPATH_SEARCH_PATHS = (
					"$(inherited)",
					"@executable_path/Frameworks",
				);
				PRODUCT_BUNDLE_IDENTIFIER = "br.com.easynvest.teste-ios";
				PRODUCT_NAME = "$(TARGET_NAME)";
				SWIFT_VERSION = 5.0;
				TARGETED_DEVICE_FAMILY = 1;
			};
			name = Debug;
		};
		A119E9CF25DEB4FF007BF7B0 /* Release */ = {
			isa = XCBuildConfiguration;
			baseConfigurationReference = DFDDC9A72E944595A2DEDBCC /* Pods-Teste-iOSTargets-Teste-iOS.release.xcconfig */;
			buildSettings = {
				ASSETCATALOG_COMPILER_APPICON_NAME = AppIcon;
				ASSETCATALOG_COMPILER_GLOBAL_ACCENT_COLOR_NAME = AccentColor;
				CODE_SIGN_STYLE = Automatic;
				INFOPLIST_FILE = Resources/Info.plist;
				IPHONEOS_DEPLOYMENT_TARGET = 11.4;
				LD_RUNPATH_SEARCH_PATHS = (
					"$(inherited)",
					"@executable_path/Frameworks",
				);
				PRODUCT_BUNDLE_IDENTIFIER = "br.com.easynvest.teste-ios";
				PRODUCT_NAME = "$(TARGET_NAME)";
				SWIFT_VERSION = 5.0;
				TARGETED_DEVICE_FAMILY = 1;
			};
			name = Release;
		};
		A119EA3B25DEBA43007BF7B0 /* Debug */ = {
			isa = XCBuildConfiguration;
			baseConfigurationReference = 021E9CB75C290E439BB6AED1 /* Pods-Teste-iOSTargets-Teste-iOS-Teste-iOSTests.debug.xcconfig */;
			buildSettings = {
				BUNDLE_LOADER = "$(TEST_HOST)";
				CODE_SIGN_STYLE = Automatic;
				INFOPLIST_FILE = "Teste-iOSTests/Resources/Info.plist";
				IPHONEOS_DEPLOYMENT_TARGET = 14.4;
				LD_RUNPATH_SEARCH_PATHS = (
					"$(inherited)",
					"@executable_path/Frameworks",
					"@loader_path/Frameworks",
				);
				PRODUCT_BUNDLE_IDENTIFIER = "br.com.easynvest.Teste-iOSTests";
				PRODUCT_NAME = "$(TARGET_NAME)";
				SWIFT_VERSION = 5.0;
				TARGETED_DEVICE_FAMILY = "1,2";
				TEST_HOST = "$(BUILT_PRODUCTS_DIR)/Teste-iOS.app/Teste-iOS";
			};
			name = Debug;
		};
		A119EA3C25DEBA43007BF7B0 /* Release */ = {
			isa = XCBuildConfiguration;
			baseConfigurationReference = DF3FBF46F55FEE7ECCD58923 /* Pods-Teste-iOSTargets-Teste-iOS-Teste-iOSTests.release.xcconfig */;
			buildSettings = {
				BUNDLE_LOADER = "$(TEST_HOST)";
				CODE_SIGN_STYLE = Automatic;
				INFOPLIST_FILE = "Teste-iOSTests/Resources/Info.plist";
				IPHONEOS_DEPLOYMENT_TARGET = 14.4;
				LD_RUNPATH_SEARCH_PATHS = (
					"$(inherited)",
					"@executable_path/Frameworks",
					"@loader_path/Frameworks",
				);
				PRODUCT_BUNDLE_IDENTIFIER = "br.com.easynvest.Teste-iOSTests";
				PRODUCT_NAME = "$(TARGET_NAME)";
				SWIFT_VERSION = 5.0;
				TARGETED_DEVICE_FAMILY = "1,2";
				TEST_HOST = "$(BUILT_PRODUCTS_DIR)/Teste-iOS.app/Teste-iOS";
			};
			name = Release;
		};
/* End XCBuildConfiguration section */

/* Begin XCConfigurationList section */
		A119E99E25DEB4FC007BF7B0 /* Build configuration list for PBXProject "Teste-iOS" */ = {
			isa = XCConfigurationList;
			buildConfigurations = (
				A119E9CB25DEB4FF007BF7B0 /* Debug */,
				A119E9CC25DEB4FF007BF7B0 /* Release */,
			);
			defaultConfigurationIsVisible = 0;
			defaultConfigurationName = Release;
		};
		A119E9CD25DEB4FF007BF7B0 /* Build configuration list for PBXNativeTarget "Teste-iOS" */ = {
			isa = XCConfigurationList;
			buildConfigurations = (
				A119E9CE25DEB4FF007BF7B0 /* Debug */,
				A119E9CF25DEB4FF007BF7B0 /* Release */,
			);
			defaultConfigurationIsVisible = 0;
			defaultConfigurationName = Release;
		};
		A119EA3A25DEBA43007BF7B0 /* Build configuration list for PBXNativeTarget "Teste-iOSTests" */ = {
			isa = XCConfigurationList;
			buildConfigurations = (
				A119EA3B25DEBA43007BF7B0 /* Debug */,
				A119EA3C25DEBA43007BF7B0 /* Release */,
			);
			defaultConfigurationIsVisible = 0;
			defaultConfigurationName = Release;
		};
/* End XCConfigurationList section */
	};
	rootObject = A119E99B25DEB4FC007BF7B0 /* Project object */;
}
